
Microsoft Visual Studio Solution File, Format Version 12.00
# Visual Studio Version 17
VisualStudioVersion = 17.0.32014.148
MinimumVisualStudioVersion = 10.0.40219.1
Project("{2150E333-8FDC-42A3-9474-1A3956D46DE8}") = "2 - Domain", "2 - Domain", "{83370D17-B0A1-4FAA-948A-EC2D97F14E69}"
EndProject
Project("{2150E333-8FDC-42A3-9474-1A3956D46DE8}") = "3 - Application", "3 - Application", "{E71130CF-97E2-4741-8D97-7A5506472390}"
EndProject
Project("{2150E333-8FDC-42A3-9474-1A3956D46DE8}") = "4 - Infrastructure", "4 - Infrastructure", "{0F042AD2-7A0A-4395-8F0D-F827A15569E7}"
EndProject
Project("{9A19103F-16F7-4668-BE54-9A1E7A4F7556}") = "EShop.Domain", "EShop.Domain\EShop.Domain.csproj", "{2F35F117-C363-44F1-9013-3C8218EC1791}"
EndProject
Project("{9A19103F-16F7-4668-BE54-9A1E7A4F7556}") = "EShop.Application", "EShop.Application\EShop.Application.csproj", "{A5E04E8D-515B-490F-B603-004995EC5E1D}"
EndProject
Project("{2150E333-8FDC-42A3-9474-1A3956D46DE8}") = "3.1 - In", "3.1 - In", "{C4E62430-AFA7-40DB-97F1-621932961C70}"
EndProject
Project("{2150E333-8FDC-42A3-9474-1A3956D46DE8}") = "3.2 - Out", "3.2 - Out", "{442472E9-2D85-4691-B490-E1829A44AA74}"
EndProject
Project("{2150E333-8FDC-42A3-9474-1A3956D46DE8}") = "1 - Core", "1 - Core", "{45A10B1C-0509-4B8B-9785-2DA214F38A25}"
EndProject
Project("{9A19103F-16F7-4668-BE54-9A1E7A4F7556}") = "EShop.Core.Domain", "EShop.Core\EShop.Core.Domain.csproj", "{275FC797-E15E-4E59-B4E5-2C9A29049758}"
EndProject
Project("{2150E333-8FDC-42A3-9474-1A3956D46DE8}") = "99 - Tests", "99 - Tests", "{BB84998F-9CFA-46E1-9831-BC10F8E200DA}"
EndProject
Project("{9A19103F-16F7-4668-BE54-9A1E7A4F7556}") = "EShop.Infrastructure.DataAcess", "EShop.Infrastructure.DataAcess\EShop.Infrastructure.DataAcess.csproj", "{398FB772-15AF-484B-8395-D8407D747AD3}"
EndProject
Project("{FAE04EC0-301F-11D3-BF4B-00C04F79EFBC}") = "EShop.Domain.Core.Test", "EShop.Domain.Core.Test\EShop.Domain.Core.Test.csproj", "{5EFBED5D-AE20-451E-87EC-CC21D2179BC1}"
EndProject
Project("{FAE04EC0-301F-11D3-BF4B-00C04F79EFBC}") = "EShop.Domain.Test", "EShop.Domain.Test\EShop.Domain.Test.csproj", "{B6FDE037-0E5F-4810-9A5B-66766F85DAF9}"
EndProject
Global
	GlobalSection(SolutionConfigurationPlatforms) = preSolution
		Debug|Any CPU = Debug|Any CPU
		Release|Any CPU = Release|Any CPU
	EndGlobalSection
	GlobalSection(ProjectConfigurationPlatforms) = postSolution
		{2F35F117-C363-44F1-9013-3C8218EC1791}.Debug|Any CPU.ActiveCfg = Debug|Any CPU
		{2F35F117-C363-44F1-9013-3C8218EC1791}.Debug|Any CPU.Build.0 = Debug|Any CPU
		{2F35F117-C363-44F1-9013-3C8218EC1791}.Release|Any CPU.ActiveCfg = Release|Any CPU
		{2F35F117-C363-44F1-9013-3C8218EC1791}.Release|Any CPU.Build.0 = Release|Any CPU
		{A5E04E8D-515B-490F-B603-004995EC5E1D}.Debug|Any CPU.ActiveCfg = Debug|Any CPU
		{A5E04E8D-515B-490F-B603-004995EC5E1D}.Debug|Any CPU.Build.0 = Debug|Any CPU
		{A5E04E8D-515B-490F-B603-004995EC5E1D}.Release|Any CPU.ActiveCfg = Release|Any CPU
		{A5E04E8D-515B-490F-B603-004995EC5E1D}.Release|Any CPU.Build.0 = Release|Any CPU
		{275FC797-E15E-4E59-B4E5-2C9A29049758}.Debug|Any CPU.ActiveCfg = Debug|Any CPU
		{275FC797-E15E-4E59-B4E5-2C9A29049758}.Debug|Any CPU.Build.0 = Debug|Any CPU
		{275FC797-E15E-4E59-B4E5-2C9A29049758}.Release|Any CPU.ActiveCfg = Release|Any CPU
		{275FC797-E15E-4E59-B4E5-2C9A29049758}.Release|Any CPU.Build.0 = Release|Any CPU
		{398FB772-15AF-484B-8395-D8407D747AD3}.Debug|Any CPU.ActiveCfg = Debug|Any CPU
		{398FB772-15AF-484B-8395-D8407D747AD3}.Debug|Any CPU.Build.0 = Debug|Any CPU
		{398FB772-15AF-484B-8395-D8407D747AD3}.Release|Any CPU.ActiveCfg = Release|Any CPU
		{398FB772-15AF-484B-8395-D8407D747AD3}.Release|Any CPU.Build.0 = Release|Any CPU
		{5EFBED5D-AE20-451E-87EC-CC21D2179BC1}.Debug|Any CPU.ActiveCfg = Debug|Any CPU
		{5EFBED5D-AE20-451E-87EC-CC21D2179BC1}.Debug|Any CPU.Build.0 = Debug|Any CPU
		{5EFBED5D-AE20-451E-87EC-CC21D2179BC1}.Release|Any CPU.ActiveCfg = Release|Any CPU
		{5EFBED5D-AE20-451E-87EC-CC21D2179BC1}.Release|Any CPU.Build.0 = Release|Any CPU
		{B6FDE037-0E5F-4810-9A5B-66766F85DAF9}.Debug|Any CPU.ActiveCfg = Debug|Any CPU
		{B6FDE037-0E5F-4810-9A5B-66766F85DAF9}.Debug|Any CPU.Build.0 = Debug|Any CPU
		{B6FDE037-0E5F-4810-9A5B-66766F85DAF9}.Release|Any CPU.ActiveCfg = Release|Any CPU
		{B6FDE037-0E5F-4810-9A5B-66766F85DAF9}.Release|Any CPU.Build.0 = Release|Any CPU
	EndGlobalSection
	GlobalSection(SolutionProperties) = preSolution
		HideSolutionNode = FALSE
	EndGlobalSection
	GlobalSection(NestedProjects) = preSolution
		{2F35F117-C363-44F1-9013-3C8218EC1791} = {83370D17-B0A1-4FAA-948A-EC2D97F14E69}
		{A5E04E8D-515B-490F-B603-004995EC5E1D} = {E71130CF-97E2-4741-8D97-7A5506472390}
		{C4E62430-AFA7-40DB-97F1-621932961C70} = {0F042AD2-7A0A-4395-8F0D-F827A15569E7}
		{442472E9-2D85-4691-B490-E1829A44AA74} = {0F042AD2-7A0A-4395-8F0D-F827A15569E7}
		{275FC797-E15E-4E59-B4E5-2C9A29049758} = {45A10B1C-0509-4B8B-9785-2DA214F38A25}
		{398FB772-15AF-484B-8395-D8407D747AD3} = {442472E9-2D85-4691-B490-E1829A44AA74}
		{5EFBED5D-AE20-451E-87EC-CC21D2179BC1} = {BB84998F-9CFA-46E1-9831-BC10F8E200DA}
		{B6FDE037-0E5F-4810-9A5B-66766F85DAF9} = {BB84998F-9CFA-46E1-9831-BC10F8E200DA}
	EndGlobalSection
	GlobalSection(ExtensibilityGlobals) = postSolution
		SolutionGuid = {10C43CE8-CB13-46CC-B728-34A48C762A61}
	EndGlobalSection
EndGlobal
